
Microsoft Visual Studio Solution File, Format Version 12.00
# Visual Studio 15
VisualStudioVersion = 15.0.28307.438
MinimumVisualStudioVersion = 10.0.40219.1
Project("{FAE04EC0-301F-11D3-BF4B-00C04F79EFBC}") = "NetWorthTracker", "NetWorthTracker\NetWorthTracker.csproj", "{ADAE879D-42C0-40BB-BF32-1D4F71EE4481}"
EndProject
Global
	GlobalSection(SolutionConfigurationPlatforms) = preSolution
		Debug|Any CPU = Debug|Any CPU
		Release|Any CPU = Release|Any CPU
	EndGlobalSection
	GlobalSection(ProjectConfigurationPlatforms) = postSolution
		{ADAE879D-42C0-40BB-BF32-1D4F71EE4481}.Debug|Any CPU.ActiveCfg = Debug|Any CPU
		{ADAE879D-42C0-40BB-BF32-1D4F71EE4481}.Debug|Any CPU.Build.0 = Debug|Any CPU
		{ADAE879D-42C0-40BB-BF32-1D4F71EE4481}.Release|Any CPU.ActiveCfg = Release|Any CPU
		{ADAE879D-42C0-40BB-BF32-1D4F71EE4481}.Release|Any CPU.Build.0 = Release|Any CPU
	EndGlobalSection
	GlobalSection(SolutionProperties) = preSolution
		HideSolutionNode = FALSE
	EndGlobalSection
	GlobalSection(ExtensibilityGlobals) = postSolution
		SolutionGuid = {ACD6226B-06DD-4161-A453-41A787B856B2}
	EndGlobalSection
EndGlobal
